
Microsoft Visual Studio Solution File, Format Version 12.00
# Visual Studio Version 16
VisualStudioVersion = 16.0.29806.167
MinimumVisualStudioVersion = 10.0.40219.1
Project("{FAE04EC0-301F-11D3-BF4B-00C04F79EFBC}") = "ExtOTDS.Json", "Json\ExtOTDS.Json\ExtOTDS.Json.csproj", "{DF2D1C2E-E188-4EC6-92D1-4F2D2A45924D}"
EndProject
Project("{FAE04EC0-301F-11D3-BF4B-00C04F79EFBC}") = "JsonDataProvider", "Json\JsonDataProvider\JsonDataProvider.csproj", "{65DB6718-E135-4E5B-A26E-4F5310F563FD}"
EndProject
Project("{FAE04EC0-301F-11D3-BF4B-00C04F79EFBC}") = "JsonDataProvider.Tests", "Json\JsonDataProvider.Tests\JsonDataProvider.Tests.csproj", "{454AD3DB-2AD1-4C1B-933D-E075637F4038}"
EndProject
Project("{54435603-DBB4-11D2-8724-00A0C9A8B90C}") = "Setup", "Json\Setup\Setup.vdproj", "{67C08EAB-76B6-48E2-A974-8EF879ACCB5C}"
EndProject
Project("{2150E333-8FDC-42A3-9474-1A3956D46DE8}") = "Json", "Json", "{F7F6F93C-5E8F-47F3-808D-60749875B996}"
EndProject
Global
	GlobalSection(SolutionConfigurationPlatforms) = preSolution
		CD_ROM|Any CPU = CD_ROM|Any CPU
		Debug|Any CPU = Debug|Any CPU
		DVD-5|Any CPU = DVD-5|Any CPU
		Release|Any CPU = Release|Any CPU
		SingleImage|Any CPU = SingleImage|Any CPU
	EndGlobalSection
	GlobalSection(ProjectConfigurationPlatforms) = postSolution
		{DF2D1C2E-E188-4EC6-92D1-4F2D2A45924D}.CD_ROM|Any CPU.ActiveCfg = Release|Any CPU
		{DF2D1C2E-E188-4EC6-92D1-4F2D2A45924D}.CD_ROM|Any CPU.Build.0 = Release|Any CPU
		{DF2D1C2E-E188-4EC6-92D1-4F2D2A45924D}.Debug|Any CPU.ActiveCfg = Debug|Any CPU
		{DF2D1C2E-E188-4EC6-92D1-4F2D2A45924D}.Debug|Any CPU.Build.0 = Debug|Any CPU
		{DF2D1C2E-E188-4EC6-92D1-4F2D2A45924D}.DVD-5|Any CPU.ActiveCfg = Debug|Any CPU
		{DF2D1C2E-E188-4EC6-92D1-4F2D2A45924D}.DVD-5|Any CPU.Build.0 = Debug|Any CPU
		{DF2D1C2E-E188-4EC6-92D1-4F2D2A45924D}.Release|Any CPU.ActiveCfg = Release|Any CPU
		{DF2D1C2E-E188-4EC6-92D1-4F2D2A45924D}.Release|Any CPU.Build.0 = Release|Any CPU
		{DF2D1C2E-E188-4EC6-92D1-4F2D2A45924D}.SingleImage|Any CPU.ActiveCfg = Release|Any CPU
		{DF2D1C2E-E188-4EC6-92D1-4F2D2A45924D}.SingleImage|Any CPU.Build.0 = Release|Any CPU
		{65DB6718-E135-4E5B-A26E-4F5310F563FD}.CD_ROM|Any CPU.ActiveCfg = Release|Any CPU
		{65DB6718-E135-4E5B-A26E-4F5310F563FD}.CD_ROM|Any CPU.Build.0 = Release|Any CPU
		{65DB6718-E135-4E5B-A26E-4F5310F563FD}.Debug|Any CPU.ActiveCfg = Debug|Any CPU
		{65DB6718-E135-4E5B-A26E-4F5310F563FD}.Debug|Any CPU.Build.0 = Debug|Any CPU
		{65DB6718-E135-4E5B-A26E-4F5310F563FD}.DVD-5|Any CPU.ActiveCfg = Debug|Any CPU
		{65DB6718-E135-4E5B-A26E-4F5310F563FD}.DVD-5|Any CPU.Build.0 = Debug|Any CPU
		{65DB6718-E135-4E5B-A26E-4F5310F563FD}.Release|Any CPU.ActiveCfg = Release|Any CPU
		{65DB6718-E135-4E5B-A26E-4F5310F563FD}.Release|Any CPU.Build.0 = Release|Any CPU
		{65DB6718-E135-4E5B-A26E-4F5310F563FD}.SingleImage|Any CPU.ActiveCfg = Release|Any CPU
		{65DB6718-E135-4E5B-A26E-4F5310F563FD}.SingleImage|Any CPU.Build.0 = Release|Any CPU
		{454AD3DB-2AD1-4C1B-933D-E075637F4038}.CD_ROM|Any CPU.ActiveCfg = Release|Any CPU
		{454AD3DB-2AD1-4C1B-933D-E075637F4038}.CD_ROM|Any CPU.Build.0 = Release|Any CPU
		{454AD3DB-2AD1-4C1B-933D-E075637F4038}.Debug|Any CPU.ActiveCfg = Debug|Any CPU
		{454AD3DB-2AD1-4C1B-933D-E075637F4038}.Debug|Any CPU.Build.0 = Debug|Any CPU
		{454AD3DB-2AD1-4C1B-933D-E075637F4038}.DVD-5|Any CPU.ActiveCfg = Debug|Any CPU
		{454AD3DB-2AD1-4C1B-933D-E075637F4038}.DVD-5|Any CPU.Build.0 = Debug|Any CPU
		{454AD3DB-2AD1-4C1B-933D-E075637F4038}.Release|Any CPU.ActiveCfg = Release|Any CPU
		{454AD3DB-2AD1-4C1B-933D-E075637F4038}.Release|Any CPU.Build.0 = Release|Any CPU
		{454AD3DB-2AD1-4C1B-933D-E075637F4038}.SingleImage|Any CPU.ActiveCfg = Release|Any CPU
		{454AD3DB-2AD1-4C1B-933D-E075637F4038}.SingleImage|Any CPU.Build.0 = Release|Any CPU
		{67C08EAB-76B6-48E2-A974-8EF879ACCB5C}.CD_ROM|Any CPU.ActiveCfg = Release
		{67C08EAB-76B6-48E2-A974-8EF879ACCB5C}.Debug|Any CPU.ActiveCfg = Debug
		{67C08EAB-76B6-48E2-A974-8EF879ACCB5C}.DVD-5|Any CPU.ActiveCfg = Debug
		{67C08EAB-76B6-48E2-A974-8EF879ACCB5C}.Release|Any CPU.ActiveCfg = Release
		{67C08EAB-76B6-48E2-A974-8EF879ACCB5C}.SingleImage|Any CPU.ActiveCfg = Release
	EndGlobalSection
	GlobalSection(SolutionProperties) = preSolution
		HideSolutionNode = FALSE
	EndGlobalSection
	GlobalSection(NestedProjects) = preSolution
		{DF2D1C2E-E188-4EC6-92D1-4F2D2A45924D} = {F7F6F93C-5E8F-47F3-808D-60749875B996}
		{65DB6718-E135-4E5B-A26E-4F5310F563FD} = {F7F6F93C-5E8F-47F3-808D-60749875B996}
		{454AD3DB-2AD1-4C1B-933D-E075637F4038} = {F7F6F93C-5E8F-47F3-808D-60749875B996}
		{67C08EAB-76B6-48E2-A974-8EF879ACCB5C} = {F7F6F93C-5E8F-47F3-808D-60749875B996}
	EndGlobalSection
	GlobalSection(ExtensibilityGlobals) = postSolution
		SolutionGuid = {A3184AE2-0E68-4381-ADDF-55A3D16A5BD2}
	EndGlobalSection
EndGlobal
